
Microsoft Visual Studio Solution File, Format Version 12.00
# Visual Studio Version 16
VisualStudioVersion = 16.0.31112.23
MinimumVisualStudioVersion = 10.0.40219.1
Project("{FAE04EC0-301F-11D3-BF4B-00C04F79EFBC}") = "SSLCertificateTrackingWebApp", "SSLCertificateTrackingWebApp\SSLCertificateTrackingWebApp.csproj", "{A8911ECF-BF4F-4411-BF51-37B34C041A40}"
EndProject
Global
	GlobalSection(SolutionConfigurationPlatforms) = preSolution
		Debug|Any CPU = Debug|Any CPU
		Release|Any CPU = Release|Any CPU
	EndGlobalSection
	GlobalSection(ProjectConfigurationPlatforms) = postSolution
		{A8911ECF-BF4F-4411-BF51-37B34C041A40}.Debug|Any CPU.ActiveCfg = Debug|Any CPU
		{A8911ECF-BF4F-4411-BF51-37B34C041A40}.Debug|Any CPU.Build.0 = Debug|Any CPU
		{A8911ECF-BF4F-4411-BF51-37B34C041A40}.Release|Any CPU.ActiveCfg = Release|Any CPU
		{A8911ECF-BF4F-4411-BF51-37B34C041A40}.Release|Any CPU.Build.0 = Release|Any CPU
	EndGlobalSection
	GlobalSection(SolutionProperties) = preSolution
		HideSolutionNode = FALSE
	EndGlobalSection
	GlobalSection(ExtensibilityGlobals) = postSolution
		SolutionGuid = {E40E76D3-C41C-43A8-9AFA-C59A653ED847}
	EndGlobalSection
EndGlobal
